
Microsoft Visual Studio Solution File, Format Version 12.00
# Visual Studio Version 16
VisualStudioVersion = 16.0.29215.179
MinimumVisualStudioVersion = 10.0.40219.1
Project("{FAE04EC0-301F-11D3-BF4B-00C04F79EFBC}") = "Admin UI", "PCS03 Project\Admin UI.csproj", "{5D066A22-F36A-4167-B0DA-D83FC35BCBD9}"
EndProject
Global
	GlobalSection(SolutionConfigurationPlatforms) = preSolution
		Debug|Any CPU = Debug|Any CPU
		Release|Any CPU = Release|Any CPU
	EndGlobalSection
	GlobalSection(ProjectConfigurationPlatforms) = postSolution
		{5D066A22-F36A-4167-B0DA-D83FC35BCBD9}.Debug|Any CPU.ActiveCfg = Debug|Any CPU
		{5D066A22-F36A-4167-B0DA-D83FC35BCBD9}.Debug|Any CPU.Build.0 = Debug|Any CPU
		{5D066A22-F36A-4167-B0DA-D83FC35BCBD9}.Release|Any CPU.ActiveCfg = Release|Any CPU
		{5D066A22-F36A-4167-B0DA-D83FC35BCBD9}.Release|Any CPU.Build.0 = Release|Any CPU
	EndGlobalSection
	GlobalSection(SolutionProperties) = preSolution
		HideSolutionNode = FALSE
	EndGlobalSection
	GlobalSection(ExtensibilityGlobals) = postSolution
		SolutionGuid = {C5481B2A-1879-4899-A734-E99EA2823FD3}
	EndGlobalSection
EndGlobal
